{"1.2.0",
[{<<"quicer">>,
  {git,"https://github.com/emqx/quic.git",
       {ref,"410bb2aef7bd726b5e7c91b703aa50268b638244"}},
  0},
 {<<"snabbkaffe">>,{pkg,<<"snabbkaffe">>,<<"1.0.1">>},1}]}.
[
{pkg_hash,[
 {<<"snabbkaffe">>, <<"8E95CCBC90E1445C6B504D7980A35FE87E140BD694CED35851965B87D42BD882">>}]},
{pkg_hash_ext,[
 {<<"snabbkaffe">>, <<"035812759963897B71EE69A11E8DFF93BBBB0F475055479A557DD3C4FD72FE33">>}]}
].
